
Microsoft Visual Studio Solution File, Format Version 12.00
# Visual Studio Version 17
VisualStudioVersion = 17.9.34723.18
MinimumVisualStudioVersion = 10.0.40219.1
Project("{8BC9CEB8-8B4A-11D0-8D11-00A0C91BC942}") = "HPTSCore", "ControlClient\ControlClient.vcxproj", "{32D80DD9-0900-4B58-8FEF-4D0C593FA7F5}"
EndProject
Project("{8BC9CEB8-8B4A-11D0-8D11-00A0C91BC942}") = "NetFlt", "NetFlt\NetFlt.vcxproj", "{F1853276-B584-47DA-99E5-4F8751084A60}"
EndProject
Project("{8BC9CEB8-8B4A-11D0-8D11-00A0C91BC942}") = "R0sys", "ProjectExe\ProjectExe.vcxproj", "{219EFBCF-5318-4DFF-A131-D65ECAFCE925}"
EndProject
Project("{8BC9CEB8-8B4A-11D0-8D11-00A0C91BC942}") = "FileMessager", "FilterMessager\FilterMessager.vcxproj", "{C67992E0-2C1C-4E44-B902-C1D0FDD03F84}"
EndProject
Project("{8BC9CEB8-8B4A-11D0-8D11-00A0C91BC942}") = "Minifilter", "Minifiltertest\Minifiltertest.vcxproj", "{67496619-A0CD-4FD6-9D80-7BD6562A547D}"
EndProject
Project("{8BC9CEB8-8B4A-11D0-8D11-00A0C91BC942}") = "yara", "yara\windows\vs2019\yara\yara.vcxproj", "{DF8232C7-D8C1-4D05-9921-F8F504134410}"
EndProject
Project("{8BC9CEB8-8B4A-11D0-8D11-00A0C91BC942}") = "RegFltMessager", "RegFltMessager\RegFltMessager.vcxproj", "{18CECD0E-31CD-41B1-9A3B-03402A073766}"
EndProject
Project("{8BC9CEB8-8B4A-11D0-8D11-00A0C91BC942}") = "RegistryFilter", "RegistryFilter\RegistryFilter.vcxproj", "{1DBAE30B-1BBD-4964-A3E1-29CDF90B580E}"
EndProject
Project("{8BC9CEB8-8B4A-11D0-8D11-00A0C91BC942}") = "WpdFlt", "WpdFlt\WpdFlt.vcxproj", "{36692D06-4530-41BE-801F-1C2DA511368E}"
EndProject
Project("{8BC9CEB8-8B4A-11D0-8D11-00A0C91BC942}") = "MouseFlt", "MouseFlt\MouseFlt.vcxproj", "{46F59B24-2958-44C9-979F-98E87DD190DB}"
EndProject
Global
	GlobalSection(SolutionConfigurationPlatforms) = preSolution
		Debug|ARM = Debug|ARM
		Debug|ARM64 = Debug|ARM64
		Debug|x64 = Debug|x64
		Debug|x86 = Debug|x86
		Release|ARM = Release|ARM
		Release|ARM64 = Release|ARM64
		Release|x64 = Release|x64
		Release|x86 = Release|x86
	EndGlobalSection
	GlobalSection(ProjectConfigurationPlatforms) = postSolution
		{32D80DD9-0900-4B58-8FEF-4D0C593FA7F5}.Debug|ARM.ActiveCfg = Debug|x64
		{32D80DD9-0900-4B58-8FEF-4D0C593FA7F5}.Debug|ARM.Build.0 = Debug|x64
		{32D80DD9-0900-4B58-8FEF-4D0C593FA7F5}.Debug|ARM64.ActiveCfg = Debug|x64
		{32D80DD9-0900-4B58-8FEF-4D0C593FA7F5}.Debug|ARM64.Build.0 = Debug|x64
		{32D80DD9-0900-4B58-8FEF-4D0C593FA7F5}.Debug|x64.ActiveCfg = Debug|x64
		{32D80DD9-0900-4B58-8FEF-4D0C593FA7F5}.Debug|x64.Build.0 = Debug|x64
		{32D80DD9-0900-4B58-8FEF-4D0C593FA7F5}.Debug|x86.ActiveCfg = Debug|Win32
		{32D80DD9-0900-4B58-8FEF-4D0C593FA7F5}.Debug|x86.Build.0 = Debug|Win32
		{32D80DD9-0900-4B58-8FEF-4D0C593FA7F5}.Release|ARM.ActiveCfg = Release|x64
		{32D80DD9-0900-4B58-8FEF-4D0C593FA7F5}.Release|ARM.Build.0 = Release|x64
		{32D80DD9-0900-4B58-8FEF-4D0C593FA7F5}.Release|ARM64.ActiveCfg = Release|x64
		{32D80DD9-0900-4B58-8FEF-4D0C593FA7F5}.Release|ARM64.Build.0 = Release|x64
		{32D80DD9-0900-4B58-8FEF-4D0C593FA7F5}.Release|x64.ActiveCfg = Release|x64
		{32D80DD9-0900-4B58-8FEF-4D0C593FA7F5}.Release|x64.Build.0 = Release|x64
		{32D80DD9-0900-4B58-8FEF-4D0C593FA7F5}.Release|x86.ActiveCfg = Release|Win32
		{32D80DD9-0900-4B58-8FEF-4D0C593FA7F5}.Release|x86.Build.0 = Release|Win32
		{F1853276-B584-47DA-99E5-4F8751084A60}.Debug|ARM.ActiveCfg = Debug|ARM
		{F1853276-B584-47DA-99E5-4F8751084A60}.Debug|ARM.Build.0 = Debug|ARM
		{F1853276-B584-47DA-99E5-4F8751084A60}.Debug|ARM.Deploy.0 = Debug|ARM
		{F1853276-B584-47DA-99E5-4F8751084A60}.Debug|ARM64.ActiveCfg = Debug|ARM64
		{F1853276-B584-47DA-99E5-4F8751084A60}.Debug|ARM64.Build.0 = Debug|ARM64
		{F1853276-B584-47DA-99E5-4F8751084A60}.Debug|ARM64.Deploy.0 = Debug|ARM64
		{F1853276-B584-47DA-99E5-4F8751084A60}.Debug|x64.ActiveCfg = Debug|x64
		{F1853276-B584-47DA-99E5-4F8751084A60}.Debug|x64.Build.0 = Debug|x64
		{F1853276-B584-47DA-99E5-4F8751084A60}.Debug|x64.Deploy.0 = Debug|x64
		{F1853276-B584-47DA-99E5-4F8751084A60}.Debug|x86.ActiveCfg = Debug|Win32
		{F1853276-B584-47DA-99E5-4F8751084A60}.Debug|x86.Build.0 = Debug|Win32
		{F1853276-B584-47DA-99E5-4F8751084A60}.Debug|x86.Deploy.0 = Debug|Win32
		{F1853276-B584-47DA-99E5-4F8751084A60}.Release|ARM.ActiveCfg = Release|ARM
		{F1853276-B584-47DA-99E5-4F8751084A60}.Release|ARM.Build.0 = Release|ARM
		{F1853276-B584-47DA-99E5-4F8751084A60}.Release|ARM.Deploy.0 = Release|ARM
		{F1853276-B584-47DA-99E5-4F8751084A60}.Release|ARM64.ActiveCfg = Release|ARM64
		{F1853276-B584-47DA-99E5-4F8751084A60}.Release|ARM64.Build.0 = Release|ARM64
		{F1853276-B584-47DA-99E5-4F8751084A60}.Release|ARM64.Deploy.0 = Release|ARM64
		{F1853276-B584-47DA-99E5-4F8751084A60}.Release|x64.ActiveCfg = Release|x64
		{F1853276-B584-47DA-99E5-4F8751084A60}.Release|x64.Build.0 = Release|x64
		{F1853276-B584-47DA-99E5-4F8751084A60}.Release|x64.Deploy.0 = Release|x64
		{F1853276-B584-47DA-99E5-4F8751084A60}.Release|x86.ActiveCfg = Release|Win32
		{F1853276-B584-47DA-99E5-4F8751084A60}.Release|x86.Build.0 = Release|Win32
		{F1853276-B584-47DA-99E5-4F8751084A60}.Release|x86.Deploy.0 = Release|Win32
		{219EFBCF-5318-4DFF-A131-D65ECAFCE925}.Debug|ARM.ActiveCfg = Debug|ARM
		{219EFBCF-5318-4DFF-A131-D65ECAFCE925}.Debug|ARM.Build.0 = Debug|ARM
		{219EFBCF-5318-4DFF-A131-D65ECAFCE925}.Debug|ARM.Deploy.0 = Debug|ARM
		{219EFBCF-5318-4DFF-A131-D65ECAFCE925}.Debug|ARM64.ActiveCfg = Debug|ARM64
		{219EFBCF-5318-4DFF-A131-D65ECAFCE925}.Debug|ARM64.Build.0 = Debug|ARM64
		{219EFBCF-5318-4DFF-A131-D65ECAFCE925}.Debug|ARM64.Deploy.0 = Debug|ARM64
		{219EFBCF-5318-4DFF-A131-D65ECAFCE925}.Debug|x64.ActiveCfg = Debug|x64
		{219EFBCF-5318-4DFF-A131-D65ECAFCE925}.Debug|x64.Build.0 = Debug|x64
		{219EFBCF-5318-4DFF-A131-D65ECAFCE925}.Debug|x64.Deploy.0 = Debug|x64
		{219EFBCF-5318-4DFF-A131-D65ECAFCE925}.Debug|x86.ActiveCfg = Debug|Win32
		{219EFBCF-5318-4DFF-A131-D65ECAFCE925}.Debug|x86.Build.0 = Debug|Win32
		{219EFBCF-5318-4DFF-A131-D65ECAFCE925}.Debug|x86.Deploy.0 = Debug|Win32
		{219EFBCF-5318-4DFF-A131-D65ECAFCE925}.Release|ARM.ActiveCfg = Release|ARM
		{219EFBCF-5318-4DFF-A131-D65ECAFCE925}.Release|ARM.Build.0 = Release|ARM
		{219EFBCF-5318-4DFF-A131-D65ECAFCE925}.Release|ARM.Deploy.0 = Release|ARM
		{219EFBCF-5318-4DFF-A131-D65ECAFCE925}.Release|ARM64.ActiveCfg = Release|ARM64
		{219EFBCF-5318-4DFF-A131-D65ECAFCE925}.Release|ARM64.Build.0 = Release|ARM64
		{219EFBCF-5318-4DFF-A131-D65ECAFCE925}.Release|ARM64.Deploy.0 = Release|ARM64
		{219EFBCF-5318-4DFF-A131-D65ECAFCE925}.Release|x64.ActiveCfg = Release|x64
		{219EFBCF-5318-4DFF-A131-D65ECAFCE925}.Release|x64.Build.0 = Release|x64
		{219EFBCF-5318-4DFF-A131-D65ECAFCE925}.Release|x64.Deploy.0 = Release|x64
		{219EFBCF-5318-4DFF-A131-D65ECAFCE925}.Release|x86.ActiveCfg = Release|Win32
		{219EFBCF-5318-4DFF-A131-D65ECAFCE925}.Release|x86.Build.0 = Release|Win32
		{219EFBCF-5318-4DFF-A131-D65ECAFCE925}.Release|x86.Deploy.0 = Release|Win32
		{C67992E0-2C1C-4E44-B902-C1D0FDD03F84}.Debug|ARM.ActiveCfg = Debug|Win32
		{C67992E0-2C1C-4E44-B902-C1D0FDD03F84}.Debug|ARM64.ActiveCfg = Debug|Win32
		{C67992E0-2C1C-4E44-B902-C1D0FDD03F84}.Debug|x64.ActiveCfg = Debug|x64
		{C67992E0-2C1C-4E44-B902-C1D0FDD03F84}.Debug|x64.Build.0 = Debug|x64
		{C67992E0-2C1C-4E44-B902-C1D0FDD03F84}.Debug|x86.ActiveCfg = Debug|Win32
		{C67992E0-2C1C-4E44-B902-C1D0FDD03F84}.Debug|x86.Build.0 = Debug|Win32
		{C67992E0-2C1C-4E44-B902-C1D0FDD03F84}.Release|ARM.ActiveCfg = Release|Win32
		{C67992E0-2C1C-4E44-B902-C1D0FDD03F84}.Release|ARM64.ActiveCfg = Release|Win32
		{C67992E0-2C1C-4E44-B902-C1D0FDD03F84}.Release|x64.ActiveCfg = Release|x64
		{C67992E0-2C1C-4E44-B902-C1D0FDD03F84}.Release|x64.Build.0 = Release|x64
		{C67992E0-2C1C-4E44-B902-C1D0FDD03F84}.Release|x86.ActiveCfg = Release|Win32
		{C67992E0-2C1C-4E44-B902-C1D0FDD03F84}.Release|x86.Build.0 = Release|Win32
		{67496619-A0CD-4FD6-9D80-7BD6562A547D}.Debug|ARM.ActiveCfg = Debug|ARM
		{67496619-A0CD-4FD6-9D80-7BD6562A547D}.Debug|ARM.Build.0 = Debug|ARM
		{67496619-A0CD-4FD6-9D80-7BD6562A547D}.Debug|ARM.Deploy.0 = Debug|ARM
		{67496619-A0CD-4FD6-9D80-7BD6562A547D}.Debug|ARM64.ActiveCfg = Debug|ARM64
		{67496619-A0CD-4FD6-9D80-7BD6562A547D}.Debug|ARM64.Build.0 = Debug|ARM64
		{67496619-A0CD-4FD6-9D80-7BD6562A547D}.Debug|ARM64.Deploy.0 = Debug|ARM64
		{67496619-A0CD-4FD6-9D80-7BD6562A547D}.Debug|x64.ActiveCfg = Debug|x64
		{67496619-A0CD-4FD6-9D80-7BD6562A547D}.Debug|x64.Build.0 = Debug|x64
		{67496619-A0CD-4FD6-9D80-7BD6562A547D}.Debug|x64.Deploy.0 = Debug|x64
		{67496619-A0CD-4FD6-9D80-7BD6562A547D}.Debug|x86.ActiveCfg = Debug|Win32
		{67496619-A0CD-4FD6-9D80-7BD6562A547D}.Debug|x86.Build.0 = Debug|Win32
		{67496619-A0CD-4FD6-9D80-7BD6562A547D}.Debug|x86.Deploy.0 = Debug|Win32
		{67496619-A0CD-4FD6-9D80-7BD6562A547D}.Release|ARM.ActiveCfg = Release|ARM
		{67496619-A0CD-4FD6-9D80-7BD6562A547D}.Release|ARM.Build.0 = Release|ARM
		{67496619-A0CD-4FD6-9D80-7BD6562A547D}.Release|ARM.Deploy.0 = Release|ARM
		{67496619-A0CD-4FD6-9D80-7BD6562A547D}.Release|ARM64.ActiveCfg = Release|ARM64
		{67496619-A0CD-4FD6-9D80-7BD6562A547D}.Release|ARM64.Build.0 = Release|ARM64
		{67496619-A0CD-4FD6-9D80-7BD6562A547D}.Release|ARM64.Deploy.0 = Release|ARM64
		{67496619-A0CD-4FD6-9D80-7BD6562A547D}.Release|x64.ActiveCfg = Release|x64
		{67496619-A0CD-4FD6-9D80-7BD6562A547D}.Release|x64.Build.0 = Release|x64
		{67496619-A0CD-4FD6-9D80-7BD6562A547D}.Release|x64.Deploy.0 = Release|x64
		{67496619-A0CD-4FD6-9D80-7BD6562A547D}.Release|x86.ActiveCfg = Release|Win32
		{67496619-A0CD-4FD6-9D80-7BD6562A547D}.Release|x86.Build.0 = Release|Win32
		{67496619-A0CD-4FD6-9D80-7BD6562A547D}.Release|x86.Deploy.0 = Release|Win32
		{DF8232C7-D8C1-4D05-9921-F8F504134410}.Debug|ARM.ActiveCfg = Debug|Win32
		{DF8232C7-D8C1-4D05-9921-F8F504134410}.Debug|ARM64.ActiveCfg = Debug|Win32
		{DF8232C7-D8C1-4D05-9921-F8F504134410}.Debug|x64.ActiveCfg = Debug|x64
		{DF8232C7-D8C1-4D05-9921-F8F504134410}.Debug|x64.Build.0 = Debug|x64
		{DF8232C7-D8C1-4D05-9921-F8F504134410}.Debug|x86.ActiveCfg = Debug|Win32
		{DF8232C7-D8C1-4D05-9921-F8F504134410}.Debug|x86.Build.0 = Debug|Win32
		{DF8232C7-D8C1-4D05-9921-F8F504134410}.Release|ARM.ActiveCfg = Release|Win32
		{DF8232C7-D8C1-4D05-9921-F8F504134410}.Release|ARM64.ActiveCfg = Release|Win32
		{DF8232C7-D8C1-4D05-9921-F8F504134410}.Release|x64.ActiveCfg = Release|x64
		{DF8232C7-D8C1-4D05-9921-F8F504134410}.Release|x64.Build.0 = Release|x64
		{DF8232C7-D8C1-4D05-9921-F8F504134410}.Release|x86.ActiveCfg = Release|Win32
		{DF8232C7-D8C1-4D05-9921-F8F504134410}.Release|x86.Build.0 = Release|Win32
		{18CECD0E-31CD-41B1-9A3B-03402A073766}.Debug|ARM.ActiveCfg = Debug|Win32
		{18CECD0E-31CD-41B1-9A3B-03402A073766}.Debug|ARM64.ActiveCfg = Debug|Win32
		{18CECD0E-31CD-41B1-9A3B-03402A073766}.Debug|x64.ActiveCfg = Debug|x64
		{18CECD0E-31CD-41B1-9A3B-03402A073766}.Debug|x64.Build.0 = Debug|x64
		{18CECD0E-31CD-41B1-9A3B-03402A073766}.Debug|x86.ActiveCfg = Debug|Win32
		{18CECD0E-31CD-41B1-9A3B-03402A073766}.Debug|x86.Build.0 = Debug|Win32
		{18CECD0E-31CD-41B1-9A3B-03402A073766}.Release|ARM.ActiveCfg = Release|Win32
		{18CECD0E-31CD-41B1-9A3B-03402A073766}.Release|ARM64.ActiveCfg = Release|Win32
		{18CECD0E-31CD-41B1-9A3B-03402A073766}.Release|x64.ActiveCfg = Release|x64
		{18CECD0E-31CD-41B1-9A3B-03402A073766}.Release|x64.Build.0 = Release|x64
		{18CECD0E-31CD-41B1-9A3B-03402A073766}.Release|x86.ActiveCfg = Release|Win32
		{18CECD0E-31CD-41B1-9A3B-03402A073766}.Release|x86.Build.0 = Release|Win32
		{1DBAE30B-1BBD-4964-A3E1-29CDF90B580E}.Debug|ARM.ActiveCfg = Debug|ARM
		{1DBAE30B-1BBD-4964-A3E1-29CDF90B580E}.Debug|ARM.Build.0 = Debug|ARM
		{1DBAE30B-1BBD-4964-A3E1-29CDF90B580E}.Debug|ARM.Deploy.0 = Debug|ARM
		{1DBAE30B-1BBD-4964-A3E1-29CDF90B580E}.Debug|ARM64.ActiveCfg = Debug|ARM64
		{1DBAE30B-1BBD-4964-A3E1-29CDF90B580E}.Debug|ARM64.Build.0 = Debug|ARM64
		{1DBAE30B-1BBD-4964-A3E1-29CDF90B580E}.Debug|ARM64.Deploy.0 = Debug|ARM64
		{1DBAE30B-1BBD-4964-A3E1-29CDF90B580E}.Debug|x64.ActiveCfg = Debug|x64
		{1DBAE30B-1BBD-4964-A3E1-29CDF90B580E}.Debug|x64.Build.0 = Debug|x64
		{1DBAE30B-1BBD-4964-A3E1-29CDF90B580E}.Debug|x64.Deploy.0 = Debug|x64
		{1DBAE30B-1BBD-4964-A3E1-29CDF90B580E}.Debug|x86.ActiveCfg = Debug|Win32
		{1DBAE30B-1BBD-4964-A3E1-29CDF90B580E}.Debug|x86.Build.0 = Debug|Win32
		{1DBAE30B-1BBD-4964-A3E1-29CDF90B580E}.Debug|x86.Deploy.0 = Debug|Win32
		{1DBAE30B-1BBD-4964-A3E1-29CDF90B580E}.Release|ARM.ActiveCfg = Release|ARM
		{1DBAE30B-1BBD-4964-A3E1-29CDF90B580E}.Release|ARM.Build.0 = Release|ARM
		{1DBAE30B-1BBD-4964-A3E1-29CDF90B580E}.Release|ARM.Deploy.0 = Release|ARM
		{1DBAE30B-1BBD-4964-A3E1-29CDF90B580E}.Release|ARM64.ActiveCfg = Release|ARM64
		{1DBAE30B-1BBD-4964-A3E1-29CDF90B580E}.Release|ARM64.Build.0 = Release|ARM64
		{1DBAE30B-1BBD-4964-A3E1-29CDF90B580E}.Release|ARM64.Deploy.0 = Release|ARM64
		{1DBAE30B-1BBD-4964-A3E1-29CDF90B580E}.Release|x64.ActiveCfg = Release|x64
		{1DBAE30B-1BBD-4964-A3E1-29CDF90B580E}.Release|x64.Build.0 = Release|x64
		{1DBAE30B-1BBD-4964-A3E1-29CDF90B580E}.Release|x64.Deploy.0 = Release|x64
		{1DBAE30B-1BBD-4964-A3E1-29CDF90B580E}.Release|x86.ActiveCfg = Release|Win32
		{1DBAE30B-1BBD-4964-A3E1-29CDF90B580E}.Release|x86.Build.0 = Release|Win32
		{1DBAE30B-1BBD-4964-A3E1-29CDF90B580E}.Release|x86.Deploy.0 = Release|Win32
		{36692D06-4530-41BE-801F-1C2DA511368E}.Debug|ARM.ActiveCfg = Debug|x64
		{36692D06-4530-41BE-801F-1C2DA511368E}.Debug|ARM.Build.0 = Debug|x64
		{36692D06-4530-41BE-801F-1C2DA511368E}.Debug|ARM.Deploy.0 = Debug|x64
		{36692D06-4530-41BE-801F-1C2DA511368E}.Debug|ARM64.ActiveCfg = Debug|ARM64
		{36692D06-4530-41BE-801F-1C2DA511368E}.Debug|ARM64.Build.0 = Debug|ARM64
		{36692D06-4530-41BE-801F-1C2DA511368E}.Debug|ARM64.Deploy.0 = Debug|ARM64
		{36692D06-4530-41BE-801F-1C2DA511368E}.Debug|x64.ActiveCfg = Debug|x64
		{36692D06-4530-41BE-801F-1C2DA511368E}.Debug|x64.Build.0 = Debug|x64
		{36692D06-4530-41BE-801F-1C2DA511368E}.Debug|x64.Deploy.0 = Debug|x64
		{36692D06-4530-41BE-801F-1C2DA511368E}.Debug|x86.ActiveCfg = Debug|x64
		{36692D06-4530-41BE-801F-1C2DA511368E}.Debug|x86.Build.0 = Debug|x64
		{36692D06-4530-41BE-801F-1C2DA511368E}.Debug|x86.Deploy.0 = Debug|x64
		{36692D06-4530-41BE-801F-1C2DA511368E}.Release|ARM.ActiveCfg = Release|x64
		{36692D06-4530-41BE-801F-1C2DA511368E}.Release|ARM.Build.0 = Release|x64
		{36692D06-4530-41BE-801F-1C2DA511368E}.Release|ARM.Deploy.0 = Release|x64
		{36692D06-4530-41BE-801F-1C2DA511368E}.Release|ARM64.ActiveCfg = Release|ARM64
		{36692D06-4530-41BE-801F-1C2DA511368E}.Release|ARM64.Build.0 = Release|ARM64
		{36692D06-4530-41BE-801F-1C2DA511368E}.Release|ARM64.Deploy.0 = Release|ARM64
		{36692D06-4530-41BE-801F-1C2DA511368E}.Release|x64.ActiveCfg = Release|x64
		{36692D06-4530-41BE-801F-1C2DA511368E}.Release|x64.Build.0 = Release|x64
		{36692D06-4530-41BE-801F-1C2DA511368E}.Release|x64.Deploy.0 = Release|x64
		{36692D06-4530-41BE-801F-1C2DA511368E}.Release|x86.ActiveCfg = Release|x64
		{36692D06-4530-41BE-801F-1C2DA511368E}.Release|x86.Build.0 = Release|x64
		{36692D06-4530-41BE-801F-1C2DA511368E}.Release|x86.Deploy.0 = Release|x64
		{46F59B24-2958-44C9-979F-98E87DD190DB}.Debug|ARM.ActiveCfg = Debug|x64
		{46F59B24-2958-44C9-979F-98E87DD190DB}.Debug|ARM.Build.0 = Debug|x64
		{46F59B24-2958-44C9-979F-98E87DD190DB}.Debug|ARM.Deploy.0 = Debug|x64
		{46F59B24-2958-44C9-979F-98E87DD190DB}.Debug|ARM64.ActiveCfg = Debug|ARM64
		{46F59B24-2958-44C9-979F-98E87DD190DB}.Debug|ARM64.Build.0 = Debug|ARM64
		{46F59B24-2958-44C9-979F-98E87DD190DB}.Debug|ARM64.Deploy.0 = Debug|ARM64
		{46F59B24-2958-44C9-979F-98E87DD190DB}.Debug|x64.ActiveCfg = Debug|x64
		{46F59B24-2958-44C9-979F-98E87DD190DB}.Debug|x64.Build.0 = Debug|x64
		{46F59B24-2958-44C9-979F-98E87DD190DB}.Debug|x64.Deploy.0 = Debug|x64
		{46F59B24-2958-44C9-979F-98E87DD190DB}.Debug|x86.ActiveCfg = Debug|x64
		{46F59B24-2958-44C9-979F-98E87DD190DB}.Debug|x86.Build.0 = Debug|x64
		{46F59B24-2958-44C9-979F-98E87DD190DB}.Debug|x86.Deploy.0 = Debug|x64
		{46F59B24-2958-44C9-979F-98E87DD190DB}.Release|ARM.ActiveCfg = Release|x64
		{46F59B24-2958-44C9-979F-98E87DD190DB}.Release|ARM.Build.0 = Release|x64
		{46F59B24-2958-44C9-979F-98E87DD190DB}.Release|ARM.Deploy.0 = Release|x64
		{46F59B24-2958-44C9-979F-98E87DD190DB}.Release|ARM64.ActiveCfg = Release|ARM64
		{46F59B24-2958-44C9-979F-98E87DD190DB}.Release|ARM64.Build.0 = Release|ARM64
		{46F59B24-2958-44C9-979F-98E87DD190DB}.Release|ARM64.Deploy.0 = Release|ARM64
		{46F59B24-2958-44C9-979F-98E87DD190DB}.Release|x64.ActiveCfg = Release|x64
		{46F59B24-2958-44C9-979F-98E87DD190DB}.Release|x64.Build.0 = Release|x64
		{46F59B24-2958-44C9-979F-98E87DD190DB}.Release|x64.Deploy.0 = Release|x64
		{46F59B24-2958-44C9-979F-98E87DD190DB}.Release|x86.ActiveCfg = Release|x64
		{46F59B24-2958-44C9-979F-98E87DD190DB}.Release|x86.Build.0 = Release|x64
		{46F59B24-2958-44C9-979F-98E87DD190DB}.Release|x86.Deploy.0 = Release|x64
	EndGlobalSection
	GlobalSection(SolutionProperties) = preSolution
		HideSolutionNode = FALSE
	EndGlobalSection
	GlobalSection(ExtensibilityGlobals) = postSolution
		SolutionGuid = {A4895D56-1F18-4A11-AD46-563DCDA9AE04}
	EndGlobalSection
EndGlobal
